
Microsoft Visual Studio Solution File, Format Version 12.00
# Visual Studio Version 17
VisualStudioVersion = 17.0.31903.59
MinimumVisualStudioVersion = 10.0.40219.1
Project("{2150E333-8FDC-42A3-9474-1A3956D46DE8}") = "src", "src", "{4900C854-2E8B-410A-9F9B-6B1D4A6BA024}"
EndProject
Project("{FAE04EC0-301F-11D3-BF4B-00C04F79EFBC}") = "ArduinoAsDevice.Net", "src\ArduinoAsDevice.Net\ArduinoAsDevice.Net.csproj", "{75C64BD1-06BA-4E67-A2B1-06C3914029D4}"
EndProject
Project("{FAE04EC0-301F-11D3-BF4B-00C04F79EFBC}") = "ArduinoAsDevice.NetFx", "src\ArduinoAsDevice.NetFx\ArduinoAsDevice.NetFx.csproj", "{764F3A3B-59EF-4B7D-AD63-32DFA45A569C}"
EndProject
Project("{2150E333-8FDC-42A3-9474-1A3956D46DE8}") = "samples", "samples", "{754C8296-47CF-4BA7-91D5-74E26C605B07}"
EndProject
Project("{FAE04EC0-301F-11D3-BF4B-00C04F79EFBC}") = "ConsoleDemo", "samples\ConsoleDemo\ConsoleDemo.csproj", "{9B54A340-FD17-4E95-B662-184396AE33E4}"
EndProject
Project("{FAE04EC0-301F-11D3-BF4B-00C04F79EFBC}") = "WinFormsDemo", "samples\WinFormsDemo\WinFormsDemo.csproj", "{AB83B412-2498-4CD5-97DD-42A0BC0D4743}"
EndProject
Global
	GlobalSection(SolutionConfigurationPlatforms) = preSolution
		Debug|Any CPU = Debug|Any CPU
		Release|Any CPU = Release|Any CPU
	EndGlobalSection
	GlobalSection(SolutionProperties) = preSolution
		HideSolutionNode = FALSE
	EndGlobalSection
	GlobalSection(ProjectConfigurationPlatforms) = postSolution
		{75C64BD1-06BA-4E67-A2B1-06C3914029D4}.Debug|Any CPU.ActiveCfg = Debug|Any CPU
		{75C64BD1-06BA-4E67-A2B1-06C3914029D4}.Debug|Any CPU.Build.0 = Debug|Any CPU
		{75C64BD1-06BA-4E67-A2B1-06C3914029D4}.Release|Any CPU.ActiveCfg = Release|Any CPU
		{75C64BD1-06BA-4E67-A2B1-06C3914029D4}.Release|Any CPU.Build.0 = Release|Any CPU
		{764F3A3B-59EF-4B7D-AD63-32DFA45A569C}.Debug|Any CPU.ActiveCfg = Debug|Any CPU
		{764F3A3B-59EF-4B7D-AD63-32DFA45A569C}.Debug|Any CPU.Build.0 = Debug|Any CPU
		{764F3A3B-59EF-4B7D-AD63-32DFA45A569C}.Release|Any CPU.ActiveCfg = Release|Any CPU
		{764F3A3B-59EF-4B7D-AD63-32DFA45A569C}.Release|Any CPU.Build.0 = Release|Any CPU
		{9B54A340-FD17-4E95-B662-184396AE33E4}.Debug|Any CPU.ActiveCfg = Debug|Any CPU
		{9B54A340-FD17-4E95-B662-184396AE33E4}.Debug|Any CPU.Build.0 = Debug|Any CPU
		{9B54A340-FD17-4E95-B662-184396AE33E4}.Release|Any CPU.ActiveCfg = Release|Any CPU
		{9B54A340-FD17-4E95-B662-184396AE33E4}.Release|Any CPU.Build.0 = Release|Any CPU
		{AB83B412-2498-4CD5-97DD-42A0BC0D4743}.Debug|Any CPU.ActiveCfg = Debug|Any CPU
		{AB83B412-2498-4CD5-97DD-42A0BC0D4743}.Debug|Any CPU.Build.0 = Debug|Any CPU
		{AB83B412-2498-4CD5-97DD-42A0BC0D4743}.Release|Any CPU.ActiveCfg = Release|Any CPU
		{AB83B412-2498-4CD5-97DD-42A0BC0D4743}.Release|Any CPU.Build.0 = Release|Any CPU
	EndGlobalSection
	GlobalSection(NestedProjects) = preSolution
		{75C64BD1-06BA-4E67-A2B1-06C3914029D4} = {4900C854-2E8B-410A-9F9B-6B1D4A6BA024}
		{764F3A3B-59EF-4B7D-AD63-32DFA45A569C} = {4900C854-2E8B-410A-9F9B-6B1D4A6BA024}
		{9B54A340-FD17-4E95-B662-184396AE33E4} = {754C8296-47CF-4BA7-91D5-74E26C605B07}
		{AB83B412-2498-4CD5-97DD-42A0BC0D4743} = {754C8296-47CF-4BA7-91D5-74E26C605B07}
	EndGlobalSection
EndGlobal
